hash: b06461ff45de9d691d662096e024b9a9f3cebb14041d835bac7c99e982a23fe5
updated: 2016-06-15T21:25:48.511363744+09:00
imports:
- name: github.com/aws/aws-sdk-go
  version: 4587300311236c6ada1feed6b9cebfc8f0402f25
  subpackages:
  - /aws
- name: gopkg.in/yaml.v2
  version: 4587300311236c6ada1feed6b9cebfc8f0402f25
devImports: []
