hash: 95fc3b32ef9e878cc4cdda6bf70dee6d1d4b7dc9551153d6785877d79bf1f066
updated: 2016-07-09T01:27:51.486233879+09:00
imports:
- name: bitbucket.org/ww/goautoneg
  version: 75cd24fc2f2c
- name: code.google.com/p/go.net
  version: ""
  repo: https://code.google.com/p/go.net
- name: code.google.com/p/go.text
  version: ""
  repo: https://code.google.com/p/go.text
- name: collectd.org
  version: 9fc824c70f713ea0f058a07b49a4c563ef2a3b98
- name: common
  version: ""
  repo: https://common
- name: gen/stress
  version: ""
  repo: https://gen/stress
- name: gen/thrifttest
  version: ""
  repo: https://gen/thrifttest
- name: git.apache.org/thrift.git
  version: 0e9fed1e12ed066865e46c6903782b2ef95f4650
- name: github.com/AdRoll/goamz
  version: aa6e716d710a0c7941cb2075cfbb9661f16d21f1
  subpackages:
  - aws
  - cloudfront
  - s3
- name: github.com/afex/hystrix-go
  version: 39520ddd07a9d9a071d615f7476798659f5a3b89
- name: github.com/agl/ed25519
  version: 278e1ec8e8a6e017cd07577924d6766039146ced
  subpackages:
  - edwards25519
- name: github.com/agtorre/gocolorize
  version: f42b554bf7f006936130c9bb4f971afd2d87f671
- name: github.com/apache/thrift
  version: 0e9fed1e12ed066865e46c6903782b2ef95f4650
- name: github.com/apex/log
  version: b1e79133760230411cd375d802bec4e87db20031
  subpackages:
  - handler/json
- name: github.com/armon/circbuf
  version: bbbad097214e2918d8543d5201d12bfd7bca254d
- name: github.com/armon/consul-api
  version: dcfedd50ed5334f96adee43fc88518a4f095e15c
- name: github.com/armon/go-metrics
  version: eb0af217e5e9747e41dd5303755356b62d28e3ec
- name: github.com/armon/go-radix
  version: e39d623f12e8e41c7b5529e9a9dd67a1e2261f80
- name: github.com/armon/gomdb
  version: 151f2e08ef45cb0e57d694b2562f351955dff572
- name: github.com/aws/aws-sdk-go
  version: 49c3892b61af1d4996292a3025f36e4dfa25eaee
  subpackages:
  - /aws
- name: github.com/axw/gocov
  version: f5b2b5cf8644b8b432436eaee1c8a73d2f4cf86e
  subpackages:
  - gocov
- name: github.com/Azure/azure-sdk-for-go
  version: 97d9593768bbbbd316f9c055dfc5f780933cd7fc
  subpackages:
  - storage
- name: github.com/Azure/go-ansiterm
  version: 70b2c90b260171e829f1ebd7c17f600c11858dbe
  subpackages:
  - winterm
- name: github.com/Azure/go-pkcs12
  version: d7752a2d5906af0bf40c20e7f20becccf41ab3f1
  repo: https://github.com/Azure/go-pkcs12
- name: github.com/beorn7/perks
  version: b965b613227fddccbfffe13eae360ed3fa822f8d
  subpackages:
  - quantile
- name: github.com/bgentry/speakeasy
  version: 36e9cfdd690967f4f690c6edcc9ffacd006014a0
- name: github.com/bitly/go-simplejson
  version: aabad6e819789e569bd6aabf444c935aa9ba1e44
- name: github.com/bmizerany/pat
  version: b8a35001b773c267eb260a691f4e5499a3531600
- name: github.com/boltdb/bolt
  version: 2f846c3551b76d7710f159be840d66c3d064abbe
- name: github.com/bradfitz/gomemcache
  version: fb1f79c6b65acda83063cbc69f6bba1522558bfc
- name: github.com/bradfitz/http2
  version: f8202bc903bda493ebba4aa54922d78430c2c42f
- name: github.com/bugsnag/bugsnag-go
  version: b1d153021fcd90ca3f080db36bec96dc690fb274
- name: github.com/bugsnag/osext
  version: 0dd3f918b21bec95ace9dc86c7e70266cfc5c702
- name: github.com/bugsnag/panicwrap
  version: e5f9854865b9778a45169fc249e99e338d4d6f27
- name: github.com/BurntSushi/toml
  version: a4eecd407cf4129fc902ece859a0114e4cf1a7f4
- name: github.com/cactus/go-statsd-client
  version: 91c326c3f7bd20f0226d3d1c289dd9f8ce28d33d
- name: github.com/cbroglie/mapstructure
  version: 25325b46b67d1c3eb7d58bad37d34d89a31cf9ec
- name: github.com/cenkalti/backoff
  version: 4dc77674aceaabba2c7e3da25d4c823edfb73f99
- name: github.com/cheggaaa/pb
  version: 04b234c80d661c663dbcebd52fc7218fdacc6d0c
  repo: https://github.com/cheggaaa/pb
- name: github.com/cloudfoundry/gosigar
  version: c32d31af94b0e9d3b2877e49c1a581ad5a793343
- name: github.com/codahale/hdrhistogram
  version: f8ad88b59a584afeee9d334eff879b104439117b
- name: github.com/codegangsta/cli
  version: a65b733b303f0055f8d324d805f393cd3e7a7904
- name: github.com/codegangsta/negroni
  version: dcaac9107a7a6ba4cf5143afc145e2b70a1c12c2
- name: github.com/coreos/etcd
  version: e4561dd8cfb1163fb51afceca9c78aa89398e731
  subpackages:
  - client
  - pkg/pathutil
  - pkg/types
- name: github.com/coreos/go-etcd
  version: 003851be7bb0694fe3cc457a49529a19388ee7cf
  subpackages:
  - etcd
- name: github.com/coreos/go-semver
  version: 568e959cd89871e61434c1143528d9162da89ef2
  subpackages:
  - semver
- name: github.com/coreos/go-systemd
  version: b4a58d95188dd092ae20072bac14cece0e67c388
- name: github.com/coreos/pkg
  version: 42a8c3b1a6f917bb8346ef738f32712a7ca0ede7
  subpackages:
  - capnslog
- name: github.com/cpuguy83/go-md2man
  version: 71acacd42f85e5e82f70a55327789582a5200a90
  subpackages:
  - md2man
- name: github.com/cyberdelia/go-metrics-graphite
  version: 7e54b5c2aa6eaff4286c44129c3def899dff528c
- name: github.com/DataDog/datadog-go
  version: cc2f4770f4d61871e19bfee967bc767fe730b0d9
- name: github.com/davecgh/go-spew
  version: fc32781af5e85e548d3f1abaf0fa3dbe8a72495c
- name: github.com/deckarep/golang-set
  version: ef32fa3046d9f249d399f98ebaf9be944430fd1d
- name: github.com/denisenkom/go-mssqldb
  version: 6e7f3d73dade2e5566f87d18c3a1d00d2ce33421
- name: github.com/denverdino/aliyungo
  version: 0e0f322d0a54b994dea9d32541050d177edf6aa3
  subpackages:
  - oss
  - util
- name: github.com/dgrijalva/jwt-go
  version: a2c85815a77d0f951e33ba4db5ae93629a1530af
- name: github.com/dgryski/go-bits
  version: 86c69b3c986f9d40065df5bd8f765796549eef2e
- name: github.com/dgryski/go-bitstream
  version: 27cd5973303fde7d914860be1ea4b927a6be0c92
- name: github.com/docker/containerd
  version: 1b3a81545ca79456086dc2aa424357be98b962ee
- name: github.com/docker/distribution
  version: c56d49b111aea675a81d411c2db1acfac6179de9
- name: github.com/docker/docker
  version: 24076ed4d9c82d387029b8a65e21873db5676f6a
  subpackages:
  - /pkg/mflag
- name: github.com/docker/engine-api
  version: de0bc7ec1a2b90b7191e63d3d6f06833188bbd85
- name: github.com/docker/go
  version: d30aec9fd63c35133f8f79c3412ad91a3b08be06
  subpackages:
  - canonical/json
- name: github.com/docker/go-connections
  version: 34b5052da6b11e27f5f2e357b38b571ddddd3928
- name: github.com/docker/go-events
  version: 2e7d352816128aa84f4d29b2a21d400133701a0d
- name: github.com/docker/go-units
  version: 8e2d4523730c73120e10d4652f36ad6010998f4e
- name: github.com/docker/libkv
  version: 7283ef27ed32fe267388510a91709b307bb9942c
- name: github.com/docker/libnetwork
  version: 8b042357ca814a0c611b21147c1b6c1d1969ba10
- name: github.com/docker/libtrust
  version: fa567046d9b14f6aa788882a950d69651d230b21
- name: github.com/docker/notary
  version: b7f9050d5cd20599bcd1efdb748c609c7f470156
- name: github.com/dvsekhvalnov/jose2go
  version: 6387d3c1f5abd8443b223577d5a7e0f4e0e5731f
  subpackages:
  - aes
  - arrays
  - base64url
  - compact
  - kdf
  - keys/ecc
  - keys/rsa
  - padding
- name: github.com/eapache/go-resiliency
  version: b86b1ec0dd4209a588dc1285cdd471e73525c0b3
- name: github.com/eapache/go-xerial-snappy
  version: bb955e01b9346ac19dc29eb16586c90ded99a98c
- name: github.com/eapache/queue
  version: ded5959c0d4e360646dc9e9908cff48666781367
- name: github.com/erikstmartin/go-testdb
  version: 8d10e4a1bae52cd8b81ffdec3445890d6dccab3d
- name: github.com/feyeleanor/raw
  version: 724aedf6e1a5d8971aafec384b6bde3d5608fba4
- name: github.com/feyeleanor/sets
  version: 6c54cb57ea406ff6354256a4847e37298194478f
- name: github.com/feyeleanor/slices
  version: bb44bb2e4817fe71ba7082d351fd582e7d40e3ea
- name: github.com/fluent/fluent-logger-golang
  version: 8ba04e26e7839fc5ccdae3a1d2e0d77515af0f32
- name: github.com/garyburd/redigo
  version: 535138d7bcd717d6531c701ef5933d98b1866257
- name: github.com/getsentry/raven-go
  version: 1cc47a9463b90f246a0503d4c2e9a55c9459ced3
- name: github.com/go-check/check
  version: 11d3bc7aa68e238947792f30573146a3231fc0f1
- name: github.com/go-ini/ini
  version: afbd495e5aaea13597b5e14fe514ddeaa4d76fc3
- name: github.com/go-kit/kit
  version: cb413d2ae024828a3382d7a268017911e12fab82
  subpackages:
  - log
- name: github.com/go-logfmt/logfmt
  version: d4327190ff838312623b09bfeb50d7c93c8d9c1d
- name: github.com/go-sql-driver/mysql
  version: 0cc29e9fe8e25c2c58cf47bcab566e029bbaa88b
- name: github.com/go-stack/stack
  version: 100eb0c0a9c5b306ca2fb4f165df21d80ada4b82
- name: github.com/godbus/dbus
  version: 5f6efc7ef2759c81b7ba876593971bfce311eab3
- name: github.com/gogo/protobuf
  version: 74b6e9deaff6ba6da1389ec97351d337f0d08b06
- name: github.com/golang/glog
  version: 44145f04b68cf362d9c4df2182967c2275eaefed
- name: github.com/golang/lint
  version: c7bacac2b21ca01afa1dee0acf64df3ce047c28f
  subpackages:
  - golint
- name: github.com/golang/mock
  version: bd3c8e81be01eef76d4b503f5e687d2d1354d2d9
- name: github.com/golang/protobuf
  version: 0f7a9caded1fb3c9cc5a9b4bcf2ff633cc8ae644
- name: github.com/golang/snappy
  version: 5979233c5d6225d4a8e438cdd0b411888449ddab
- name: github.com/google/btree
  version: cc6329d4279e3f025a53a83c397d2339b5705c45
- name: github.com/google/gofuzz
  version: bbcb9da2d746f8bdbd6a936686a0a6067ada0ec5
- name: github.com/gorilla/context
  version: 14f550f51af52180c2eefed15e5fd18d63c0a64a
- name: github.com/gorilla/handlers
  version: 60c7bfde3e33c201519a200a4507a158cc03a17b
- name: github.com/gorilla/mux
  version: e444e69cbd2e2e3e0749a2f3c717cec491552bbf
- name: github.com/hailocab/go-hostpool
  version: e80d13ce29ede4452c43dea11e79b9bc8a15b478
- name: github.com/hashicorp/consul
  version: 954aec66231b79c161a4122b023fbcad13047f79
  subpackages:
  - api
- name: github.com/hashicorp/go-checkpoint
  version: e4b2dc34c0f698ee04750bf2035d8b9384233e1b
- name: github.com/hashicorp/go-cleanhttp
  version: ad28ea4487f05916463e2423a55166280e8254b5
- name: github.com/hashicorp/go-msgpack
  version: 71c2886f5a673a35f909803f38ece5810165097b
  subpackages:
  - codec
- name: github.com/hashicorp/go-multierror
  version: 2167c8ec40776024589f483a6b836489e47e1049
- name: github.com/hashicorp/go-syslog
  version: 42a2b573b664dbf281bd48c3cc12c086b17a39ba
- name: github.com/hashicorp/go.net
  version: 104dcad90073cd8d1e6828b2af19185b60cf3e29
- name: github.com/hashicorp/golang-lru
  version: a0d98a5f288019575c6d1f4bb1573fef2d1fcdc4
- name: github.com/hashicorp/hcl
  version: 61f5143284c041681f76a5b63efcb232aaa94737
- name: github.com/hashicorp/logutils
  version: 0dc08b1671f34c4250ce212759ebd880f743d883
- name: github.com/hashicorp/mdns
  version: 9d85cf22f9f8d53cb5c81c1b2749f438b2ee333f
- name: github.com/hashicorp/memberlist
  version: 88ac4de0d1a0ca6def284b571342db3b777a4c37
- name: github.com/hashicorp/raft
  version: 55f01be9d8c65af1ff643bb5862ccc1ed00ab36c
- name: github.com/hashicorp/raft-mdb
  version: 55f29473b9e604b3678b93a8433a6cf089e70f76
- name: github.com/hashicorp/serf
  version: 598c54895cc5a7b1a24a398d635e8c0ea0959870
  subpackages:
  - coordinate
  - serf
- name: github.com/hashicorp/yamux
  version: badf81fca035b8ebac61b5ab83330b72541056f4
- name: github.com/imdario/mergo
  version: 50d4dbd4eb0e84778abe37cefef140271d96fade
- name: github.com/inconshreveable/mousetrap
  version: 76626ae9c91c4f2a10f34cad8ce83ea42c93bb75
- name: github.com/inconshreveable/muxado
  version: 542b03d9a43721dac08f56cf990fba06342f6280
- name: github.com/influxdata/influxdb
  version: 0fc259386850d725b1570bc77902c59591f8eae8
- name: github.com/influxdata/usage-client
  version: 475977e68d79883d9c8d67131c84e4241523f452
- name: github.com/influxdb/influxdb
  version: 0fc259386850d725b1570bc77902c59591f8eae8
- name: github.com/jessevdk/go-flags
  version: 97448c91aac742cbca3d020b3e769013a420a06f
- name: github.com/jinzhu/gorm
  version: 82d726bbfd8cefbe2dcdc7f7f0484551c0d40433
- name: github.com/jinzhu/now
  version: ce80572eb55aa0ac839330041ca9db1afa5f1f6c
- name: github.com/jmespath/go-jmespath
  version: 0b12d6b521d83fc7f755e7cfc1b1fbdd35a01a74
- name: github.com/jonboulle/clockwork
  version: 72f9bd7c4e0c2a40055ab3d0f09654f730cce982
- name: github.com/jpillora/backoff
  version: 0496a6c14df020789376f4d4a261273d5ddb36ec
- name: github.com/juju/loggo
  version: 8477fc936adf0e382d680310047ca27e128a309a
- name: github.com/juju/ratelimit
  version: 77ed1c8a01217656d2080ad51981f6e99adaa177
- name: github.com/julienschmidt/httprouter
  version: 77366a47451a56bb3ba682481eed85b64fea14e8
- name: github.com/jwilder/encoding
  version: b421ab402545ef5a119f4f827784c6551d9bfc37
- name: github.com/kimor79/gollectd
  version: 61d0deeb4ffcc167b2a1baa8efd72365692811bc
- name: github.com/klauspost/crc32
  version: 19b0b332c9e4516a6370a0456e6182c3b5036720
- name: github.com/kr/pretty
  version: bc9499caa0f45ee5edb2f0209fbd61fbf3d9018f
- name: github.com/kr/pty
  version: f7ee69f31298ecbe5d2b349c711e2547a617d398
- name: github.com/kr/text
  version: 6807e777504f54ad073ecef66747de158294b639
  subpackages:
  - colwriter
  - mc
- name: github.com/lib/pq
  version: 0dad96c0b94f8dee039aa40467f767467392a0af
  subpackages:
  - hstore
  - oid
- name: github.com/lightstep/lightstep-tracer-go
  version: d92156730a06985e5831003db71c7709a1f8c75f
- name: github.com/lsegal/gucumber
  version: 090009ec4b32fd019e2d5e1a6a92f66268441cee
  repo: https://github.com/lsegal/gucumber
- name: github.com/magiconair/properties
  version: 624009598839a9432bd97bb75552389422357723
- name: github.com/mattn/go-colorable
  version: 9056b7a9f2d1f2d96498d6d146acd1f9d5ed3d59
- name: github.com/mattn/go-isatty
  version: 56b76bdf51f7708750eac80fa38b952bb9f32639
- name: github.com/mattn/go-sqlite3
  version: b4142c444a8941d0d92b0b7103a24df9cd815e42
- name: github.com/mattn/goveralls
  version: f4d273b02ce1b4e48acf3662b717aa987bfc4118
- name: github.com/matttproud/golang_protobuf_extensions
  version: fc2b8d3a73c4867e51861bbdd5ae3c1f0869dd6a
  subpackages:
  - pbutil
- name: github.com/Microsoft/go-winio
  version: 8f9387ea7efabb228a981b9c381142be7667967f
- name: github.com/Microsoft/hcsshim
  version: 116e0e9f5ced0cec94ae46d0aa1b3002a325f532
- name: github.com/miekg/dns
  version: d27455715200c7d3e321a1e5cadb27c9ee0b0f02
- name: github.com/miekg/pkcs11
  version: ba39b9c6300b7e0be41b115330145ef8afdff7d6
- name: github.com/mitchellh/cli
  version: 168daae10d6ff81b8b1201b0a4c9607d7e9b82e3
- name: github.com/mitchellh/go-homedir
  version: df55a15e5ce646808815381b3db47a8c66ea62f4
- name: github.com/mitchellh/mapstructure
  version: 482a9fd5fa83e8c4e7817413b80f3eb8feec03ef
- name: github.com/ncw/swift
  version: c54732e87b0b283d1baf0a18db689d0aea460ba3
- name: github.com/noahdesu/go-ceph
  version: b15639c44c05368348355229070361395d9152ee
  subpackages:
  - rados
- name: github.com/olekukonko/tablewriter
  version: a5eefc286b03d5560735698ef36c83728a6ae560
  subpackages:
  - csv2table
- name: github.com/opencontainers/runc
  version: ba1568de399395774ad84c2ace65937814c542ed
- name: github.com/opencontainers/runtime-spec
  version: 06479209bdc0d4135911688c18157bd39bd99c22
- name: github.com/opencontainers/specs
  version: cf8dd120937acc3593708f99304c51cfd0f73240
- name: github.com/opentracing/basictracer-go
  version: c17acf9d41472937a20c1c11941a6320b1f317bb
- name: github.com/opentracing/opentracing-go
  version: 9e6d3e21876169b028e75016a19d75c4ad54cb11
- name: github.com/openzipkin/zipkin-go-opentracing
  version: 7bb13b7193aa12e1b11c89bf2f9c4caf8633160c
- name: github.com/paulbellamy/ratecounter
  version: 5a11f585a31379765c190c033b6ad39956584447
- name: github.com/pborman/uuid
  version: c55201b036063326c5b1b89ccfe45a184973d073
- name: github.com/peterh/liner
  version: 82a939e738b0ee23e84ec7a12d8e216f4d95c53f
- name: github.com/philhofer/fwd
  version: 98c11a7a6ec829d672b03833c3d69a7fae1ca972
- name: github.com/prometheus/client_golang
  version: a842dc11e0621c34a71cab634d1d0190a59802a8
  subpackages:
  - model
  - prometheus
  - text
- name: github.com/prometheus/client_model
  version: fa8ad6fec33561be4280a8f0514318c79d7f6cb6
  subpackages:
  - go
- name: github.com/prometheus/common
  version: 4fdc91a58c9d3696b982e8a680f4997403132d44
  subpackages:
  - expfmt
  - internal/bitbucket.org/ww/goautoneg
  - model
- name: github.com/prometheus/procfs
  version: ee2372b58cee877abe07cde670d04d3b3bac5ee6
- name: github.com/rakyll/pb
  version: dc507ad06b7462501281bb4691ee43f0b1d1ec37
- name: github.com/rakyll/statik
  version: 274df120e9065bdd08eb1120e0375e3dc1ae8465
- name: github.com/rcrowley/go-metrics
  version: 51425a2415d21afadfd55cd93432c0bc69e9598d
- name: github.com/revel/revel
  version: a9a2ff45fae4330ef4116b257bcf9c82e53350c2
- name: github.com/robfig/config
  version: 0f78529c8c7e3e9a25f15876532ecbc07c7d99e6
- name: github.com/robfig/go-cache
  version: 9fc39e0dbf62c034ec4e45e6120fc69433a3ec51
- name: github.com/robfig/pathtree
  version: 41257a1839e945fce74afd070e02bab2ea2c776a
- name: github.com/rogpeppe/fastuuid
  version: 6724a57986aff9bff1a1770e9347036def7c89f6
- name: github.com/russross/blackfriday
  version: 8cec3a854e68dba10faabbe31c089abf4a3e57a6
- name: github.com/ryanuber/columnize
  version: 50b9b539927dfe231b8be1caf81b2c81d5940276
- name: github.com/samuel/go-zookeeper
  version: d0e0d8e11f318e000a8cc434616d69e329edc374
  subpackages:
  - zk
- name: github.com/seccomp/libseccomp-golang
  version: 1b506fc7c24eec5a3693cdcbed40d9c226cfc6a1
- name: github.com/shiena/ansicolor
  version: a422bbe96644373c5753384a59d678f7d261ff10
  repo: https://github.com/shiena/ansicolor
- name: github.com/Shopify/logrus-bugsnag
  version: 5a46080c635f13e8b60c24765c19d62e1ca8d0fb
- name: github.com/Shopify/sarama
  version: 88a4afb3d18f13212477a63a78e3a57ac87830a9
- name: github.com/shurcooL/sanitized_anchor_name
  version: 244f5ac324cb97e1987ef901a0081a77bfd8e845
- name: github.com/Sirupsen/logrus
  version: 55eb11d21d2a31a3cc93838241d04800f52e823d
- name: github.com/smartystreets/go-aws-auth
  version: 047be5a178d8309df2060aa5a4e757ec55eb58b1
- name: github.com/sony/gobreaker
  version: 809bcd5a528f344e95c2368796c9225d128f9b3e
- name: github.com/sourcegraph/appdash
  version: 26a631f9dd067865f87a885179204f4499a33de3
- name: github.com/spf13/cast
  version: 4d07383ffe94b5e5a6fa3af9211374a4507a0184
- name: github.com/spf13/cobra
  version: 312092086bed4968099259622145a0c9ae280064
- name: github.com/spf13/jwalterweatherman
  version: 3d60171a64319ef63c78bd45bd60e6eab1e75f8b
- name: github.com/spf13/pflag
  version: 5644820622454e71517561946e3d94b9f9db6842
- name: github.com/spf13/viper
  version: be5ff3e4840cf692388bde7a057595a474ef379e
  subpackages:
  - remote
- name: github.com/stathat/go
  version: cf69b0bcb80478755dc0ea1120b36000e35dcbbb
- name: github.com/stevvooe/resumable
  version: 51ad44105773cafcbe91927f70ac68e1bf78f8b4
- name: github.com/streadway/handy
  version: f450267a206e480d863d2a92846a40f6e2896b2a
- name: github.com/stretchr/objx
  version: cbeaeb16a013161a98496fad62933b1d21786672
- name: github.com/stretchr/testify
  version: dab07ac62d4905d3e48d17dc549c684ac3b7c15a
- name: github.com/stvp/go-udp-testing
  version: 06eb4f886d9f8242b0c176cf0d3ce5ec2cedda05
- name: github.com/syndtr/gocapability
  version: 2c00daeb6c3b45114c80ac44119e7b8801fdd852
- name: github.com/tchap/go-patricia
  version: d6ad748cf4490732320407f36c4b4fbe8cbc9343
- name: github.com/tinylib/msgp
  version: 05e600edf28f1b907005ddf6b0488fe68b819971
- name: github.com/tj/go-elastic
  version: 9a9a2a21e071e6e38f236740c3b650e7316ae67e
- name: github.com/tj/go-kinesis
  version: 28ff32f8b54954f8ea365fa278bcfcec35ec094b
- name: github.com/tobi/airbrake-go
  version: a3cdd910a3ffef88a20fbecc10363a520ad61a0a
- name: github.com/ttacon/chalk
  version: 22c06c80ed312dcb6e1cf394f9634aa2c4676e22
- name: github.com/uber-common/bark
  version: 8841a0f8e7ca869284ccb29c08a14cf3f4310f46
- name: github.com/uber-go/atomic
  version: e682c1008ac17bf26d2e4b5ad6cdd08520ed0b22
- name: github.com/uber-go/zap
  version: 469a1280b2b59c39f5aed25f9b823f00c6fd3e16
- name: github.com/ugorji/go
  version: 5abd4e96a45c386928ed2ca2a7ef63e2533e18ec
  subpackages:
  - codec
- name: github.com/vbatts/tar-split
  version: 28bc4c32f9fa9725118a685c9ddd7ffdbdbfe2c8
- name: github.com/vdemeester/shakers
  version: 24d7f1d6a71aa5d9cbe7390e4afb66b7eef9e1b3
- name: github.com/vishvananda/netlink
  version: 734d02c3e202f682c74b71314b2c61eec0170fd4
  subpackages:
  - nl
- name: github.com/vishvananda/netns
  version: 604eaf189ee867d8c147fafc28def2394e878d25
- name: github.com/xeipuuv/gojsonpointer
  version: e0fe6f68307607d540ed8eac07a342c33fa1b54a
- name: github.com/xeipuuv/gojsonreference
  version: e02fc20de94c78484cd5ffb007f8af96be030a45
- name: github.com/xeipuuv/gojsonschema
  version: c539bca196be50ccdd1f0bcd9076de95f9081831
- name: github.com/xiang90/probing
  version: 6a0cc1ae81b4cc11db5e491e030e4b98fba79c19
- name: github.com/xordataexchange/crypt
  version: 749e360c8f236773f28fc6d3ddfce4a470795227
  subpackages:
  - backend
  - backend/consul
  - backend/etcd
  - config
  - encoding/secconf
- name: github.com/yvasiyarov/go-metrics
  version: 57bccd1ccd43f94bb17fdd8bf3007059b802f85e
- name: github.com/yvasiyarov/gorelic
  version: a9bba5b9ab508a086f9a12b8c51fab68478e2128
- name: github.com/yvasiyarov/newrelic_platform_go
  version: b21fdbd4370f3717f3bbd2bf41c223bc273068e6
- name: golang.org/x/crypto
  version: c10c31b5e94b6f7a0283272dc2bb27163dcea24b
  subpackages:
  - bcrypt
  - blowfish
- name: golang.org/x/net
  version: 2cba614e8ff920c60240d2677bc019af32ee04e5
  subpackages:
  - /context
- name: golang.org/x/oauth2
  version: 8914e5017ca260f2a3a1575b1e6868874050d95e
  subpackages:
  - google
- name: golang.org/x/sys
  version: 5eaf0df67e70d6997a9fe0ed24383fa1b01638d3
  subpackages:
  - unix
- name: golang.org/x/text
  version: ce78b075c2fbd48520f4995b173eb9fe18b56ef3
- name: golang.org/x/tools
  version: 527b253f588776e5f72a0a0d1e93195cd3f82707
- name: google.golang.org/api
  version: 18450f4e95c7e76ce3a5dc3a8cb7178ab6d56121
  subpackages:
  - storage/v1
- name: google.golang.org/appengine
  version: 41265fb44deca5c3b05a946d5db1f54ae54fe67e
- name: google.golang.org/cloud
  version: 2400193c85c3561d13880d34e0e10c4315bb02af
- name: google.golang.org/grpc
  version: 91c8b79535eb6045d70ec671d302213f88a3ab95
- name: gopkg.in/check.v1
  version: 64131543e7896d5bcc6bd5a76287eb75ea96c673
- name: gopkg.in/dancannon/gorethink.v2
  version: 3742792da4bc279ccd6d807f24687009cbeda860
  subpackages:
  - encoding
  - ql2
  - types
- name: gopkg.in/fatih/pool.v2
  version: cba550ebf9bce999a02e963296d4bc7a486cb715
- name: gopkg.in/fsnotify.v1
  version: 875cf421b32f8f1b31bd43776297876d01542279
- name: gopkg.in/inconshreveable/log15.v2
  version: b105bd37f74e5d9dc7b6ad7806715c7a2b83fd3f
- name: gopkg.in/Shopify/sarama.v1
  version: 38d579a708d2f87dd4e35342241048e361d1e66a
- name: gopkg.in/stack.v1
  version: 100eb0c0a9c5b306ca2fb4f165df21d80ada4b82
- name: gopkg.in/yaml.v1
  version: 9f9df34309c04878acc86042b16630b0f696e1de
- name: gopkg.in/yaml.v2
  version: bef53efd0c76e49e6de55ead051f886bea7e9420
- name: shared
  version: ""
  repo: https://shared
- name: sourcegraph.com/sourcegraph/appdash
  version: 26a631f9dd067865f87a885179204f4499a33de3
- name: sourcegraph.com/sourcegraph/appdash-data
  version: 73f23eafcf67cad684fba328dd545a116ac273ff
- name: thrift
  version: ""
  repo: https://thrift
- name: thrifttest
  version: ""
  repo: https://thrifttest
- name: tutorial
  version: ""
  repo: https://tutorial
devImports: []
