# This file is autogenerated, do not edit; changes may be undone by the next 'dep ensure'.


[[projects]]
  name = "github.com/alexmullins/zip"
  packages = ["."]
  revision = "fcc3c52422bb1d64d3e8b645ea768a9031caa3c8"

[[projects]]
  name = "github.com/aws/aws-sdk-go"
  packages = [
    "aws",
    "aws/awserr",
    "aws/awsutil",
    "aws/client",
    "aws/client/metadata",
    "aws/corehandlers",
    "aws/credentials",
    "aws/credentials/ec2rolecreds",
    "aws/credentials/endpointcreds",
    "aws/credentials/stscreds",
    "aws/defaults",
    "aws/ec2metadata",
    "aws/request",
    "aws/session",
    "aws/signer/v4",
    "private/endpoints",
    "private/protocol",
    "private/protocol/query",
    "private/protocol/query/queryutil",
    "private/protocol/rest",
    "private/protocol/restxml",
    "private/protocol/xml/xmlutil",
    "private/waiter",
    "service/s3",
    "service/sts"
  ]
  revision = "b2dc98bb584e48b0f5f39c93110633173c5da43c"

[[projects]]
  name = "github.com/go-ini/ini"
  packages = ["."]
  revision = "6e4869b434bd001f6983749881c7ead3545887d8"
  version = "v1.21.1"

[[projects]]
  name = "github.com/jmespath/go-jmespath"
  packages = ["."]
  revision = "bd40a432e4c76585ef6b72d3fd96fb9b6dc7b68d"

[[projects]]
  name = "github.com/uber-go/atomic"
  packages = ["."]
  revision = "0c9e689d64f004564b79d9a663634756df322902"
  version = "v1.0.0"

[[projects]]
  name = "github.com/uber-go/zap"
  packages = ["."]
  revision = "469a1280b2b59c39f5aed25f9b823f00c6fd3e16"

[[projects]]
  name = "golang.org/x/crypto"
  packages = ["pbkdf2"]
  revision = "8e06e8ddd9629eb88639aba897641bff8031f1d3"

[[projects]]
  name = "gopkg.in/yaml.v2"
  packages = ["."]
  revision = "31c299268d302dd0aa9a0dcf765a3d58971ac83f"

[solve-meta]
  analyzer-name = "dep"
  analyzer-version = 1
  inputs-digest = "7ed48e76e8816478841e8f8fd8c458ab8c195d138fefda33c3a3bdd20d26be26"
  solver-name = "gps-cdcl"
  solver-version = 1
